
Microsoft Visual Studio Solution File, Format Version 12.00
Project("{FAE04EC0-301F-11D3-BF4B-00C04F79EFBC}") = "App.Repositories", "App.Repositories\App.Repositories.csproj", "{64812B53-0839-4240-9B09-42C437E602CE}"
EndProject
Project("{FAE04EC0-301F-11D3-BF4B-00C04F79EFBC}") = "App.Services", "App.Services\App.Services.csproj", "{44B17295-1220-427F-97CE-C36CAA06A46F}"
EndProject
Project("{FAE04EC0-301F-11D3-BF4B-00C04F79EFBC}") = "App.API", "App.API\App.API.csproj", "{35D00BA0-6127-4C2F-9321-A63A2B976948}"
EndProject
Project("{2150E333-8FDC-42A3-9474-1A3956D46DE8}") = "NLayer", "NLayer", "{9588F3C3-74D0-4C29-9BA4-2505A5C4B6AF}"
EndProject
Project("{2150E333-8FDC-42A3-9474-1A3956D46DE8}") = "CleanArchitecture", "CleanArchitecture", "{FA60434A-3D87-4149-B72B-3CB501CD028B}"
EndProject
Project("{2150E333-8FDC-42A3-9474-1A3956D46DE8}") = "Src", "Src", "{FBECFA8C-4DCB-4158-B41D-CC1EECC1040A}"
EndProject
Project("{2150E333-8FDC-42A3-9474-1A3956D46DE8}") = "Test", "Test", "{F22FF7C8-BB42-48C5-B7C9-1D845EA0C045}"
EndProject
Project("{2150E333-8FDC-42A3-9474-1A3956D46DE8}") = "Core", "Core", "{0B0F468E-D571-4829-9D2A-6A8D869D15ED}"
EndProject
Project("{FAE04EC0-301F-11D3-BF4B-00C04F79EFBC}") = "App.Domain", "App.Domain\App.Domain.csproj", "{BFA99729-2C46-4604-ADED-C86E5F01DC2B}"
EndProject
Project("{FAE04EC0-301F-11D3-BF4B-00C04F79EFBC}") = "App.Aplication", "App.Aplication\App.Aplication.csproj", "{E668ECB6-8C09-4ED1-B508-FACBC25F3E59}"
EndProject
Project("{2150E333-8FDC-42A3-9474-1A3956D46DE8}") = "Infastructure", "Infastructure", "{A9AFD006-D654-4FC1-A55B-D7C9FE2EAE30}"
EndProject
Project("{FAE04EC0-301F-11D3-BF4B-00C04F79EFBC}") = "App.Persistence", "App.Persistence\App.Persistence.csproj", "{7BDFA844-6A11-4EE2-B2EC-7E70A200683D}"
EndProject
Project("{2150E333-8FDC-42A3-9474-1A3956D46DE8}") = "API", "API", "{82FE9489-0DA1-455C-BB66-0B4F454B0EAE}"
EndProject
Project("{FAE04EC0-301F-11D3-BF4B-00C04F79EFBC}") = "CleanApp.API", "CleanApp.API\CleanApp.API.csproj", "{02762D56-E949-4CCD-B459-2B0836B3D233}"
EndProject
Project("{FAE04EC0-301F-11D3-BF4B-00C04F79EFBC}") = "App.Caching", "App.Caching\App.Caching.csproj", "{9ED3C3AC-7FD5-4BAE-B01B-9FDB9004A0DA}"
EndProject
Global
	GlobalSection(SolutionConfigurationPlatforms) = preSolution
		Debug|Any CPU = Debug|Any CPU
		Release|Any CPU = Release|Any CPU
	EndGlobalSection
	GlobalSection(ProjectConfigurationPlatforms) = postSolution
		{64812B53-0839-4240-9B09-42C437E602CE}.Debug|Any CPU.ActiveCfg = Debug|Any CPU
		{64812B53-0839-4240-9B09-42C437E602CE}.Debug|Any CPU.Build.0 = Debug|Any CPU
		{64812B53-0839-4240-9B09-42C437E602CE}.Release|Any CPU.ActiveCfg = Release|Any CPU
		{64812B53-0839-4240-9B09-42C437E602CE}.Release|Any CPU.Build.0 = Release|Any CPU
		{44B17295-1220-427F-97CE-C36CAA06A46F}.Debug|Any CPU.ActiveCfg = Debug|Any CPU
		{44B17295-1220-427F-97CE-C36CAA06A46F}.Debug|Any CPU.Build.0 = Debug|Any CPU
		{44B17295-1220-427F-97CE-C36CAA06A46F}.Release|Any CPU.ActiveCfg = Release|Any CPU
		{44B17295-1220-427F-97CE-C36CAA06A46F}.Release|Any CPU.Build.0 = Release|Any CPU
		{35D00BA0-6127-4C2F-9321-A63A2B976948}.Debug|Any CPU.ActiveCfg = Debug|Any CPU
		{35D00BA0-6127-4C2F-9321-A63A2B976948}.Debug|Any CPU.Build.0 = Debug|Any CPU
		{35D00BA0-6127-4C2F-9321-A63A2B976948}.Release|Any CPU.ActiveCfg = Release|Any CPU
		{35D00BA0-6127-4C2F-9321-A63A2B976948}.Release|Any CPU.Build.0 = Release|Any CPU
		{BFA99729-2C46-4604-ADED-C86E5F01DC2B}.Debug|Any CPU.ActiveCfg = Debug|Any CPU
		{BFA99729-2C46-4604-ADED-C86E5F01DC2B}.Debug|Any CPU.Build.0 = Debug|Any CPU
		{BFA99729-2C46-4604-ADED-C86E5F01DC2B}.Release|Any CPU.ActiveCfg = Release|Any CPU
		{BFA99729-2C46-4604-ADED-C86E5F01DC2B}.Release|Any CPU.Build.0 = Release|Any CPU
		{E668ECB6-8C09-4ED1-B508-FACBC25F3E59}.Debug|Any CPU.ActiveCfg = Debug|Any CPU
		{E668ECB6-8C09-4ED1-B508-FACBC25F3E59}.Debug|Any CPU.Build.0 = Debug|Any CPU
		{E668ECB6-8C09-4ED1-B508-FACBC25F3E59}.Release|Any CPU.ActiveCfg = Release|Any CPU
		{E668ECB6-8C09-4ED1-B508-FACBC25F3E59}.Release|Any CPU.Build.0 = Release|Any CPU
		{7BDFA844-6A11-4EE2-B2EC-7E70A200683D}.Debug|Any CPU.ActiveCfg = Debug|Any CPU
		{7BDFA844-6A11-4EE2-B2EC-7E70A200683D}.Debug|Any CPU.Build.0 = Debug|Any CPU
		{7BDFA844-6A11-4EE2-B2EC-7E70A200683D}.Release|Any CPU.ActiveCfg = Release|Any CPU
		{7BDFA844-6A11-4EE2-B2EC-7E70A200683D}.Release|Any CPU.Build.0 = Release|Any CPU
		{02762D56-E949-4CCD-B459-2B0836B3D233}.Debug|Any CPU.ActiveCfg = Debug|Any CPU
		{02762D56-E949-4CCD-B459-2B0836B3D233}.Debug|Any CPU.Build.0 = Debug|Any CPU
		{02762D56-E949-4CCD-B459-2B0836B3D233}.Release|Any CPU.ActiveCfg = Release|Any CPU
		{02762D56-E949-4CCD-B459-2B0836B3D233}.Release|Any CPU.Build.0 = Release|Any CPU
		{9ED3C3AC-7FD5-4BAE-B01B-9FDB9004A0DA}.Debug|Any CPU.ActiveCfg = Debug|Any CPU
		{9ED3C3AC-7FD5-4BAE-B01B-9FDB9004A0DA}.Debug|Any CPU.Build.0 = Debug|Any CPU
		{9ED3C3AC-7FD5-4BAE-B01B-9FDB9004A0DA}.Release|Any CPU.ActiveCfg = Release|Any CPU
		{9ED3C3AC-7FD5-4BAE-B01B-9FDB9004A0DA}.Release|Any CPU.Build.0 = Release|Any CPU
	EndGlobalSection
	GlobalSection(NestedProjects) = preSolution
		{35D00BA0-6127-4C2F-9321-A63A2B976948} = {9588F3C3-74D0-4C29-9BA4-2505A5C4B6AF}
		{64812B53-0839-4240-9B09-42C437E602CE} = {9588F3C3-74D0-4C29-9BA4-2505A5C4B6AF}
		{44B17295-1220-427F-97CE-C36CAA06A46F} = {9588F3C3-74D0-4C29-9BA4-2505A5C4B6AF}
		{FBECFA8C-4DCB-4158-B41D-CC1EECC1040A} = {FA60434A-3D87-4149-B72B-3CB501CD028B}
		{F22FF7C8-BB42-48C5-B7C9-1D845EA0C045} = {FA60434A-3D87-4149-B72B-3CB501CD028B}
		{0B0F468E-D571-4829-9D2A-6A8D869D15ED} = {FBECFA8C-4DCB-4158-B41D-CC1EECC1040A}
		{BFA99729-2C46-4604-ADED-C86E5F01DC2B} = {0B0F468E-D571-4829-9D2A-6A8D869D15ED}
		{E668ECB6-8C09-4ED1-B508-FACBC25F3E59} = {0B0F468E-D571-4829-9D2A-6A8D869D15ED}
		{A9AFD006-D654-4FC1-A55B-D7C9FE2EAE30} = {FBECFA8C-4DCB-4158-B41D-CC1EECC1040A}
		{7BDFA844-6A11-4EE2-B2EC-7E70A200683D} = {A9AFD006-D654-4FC1-A55B-D7C9FE2EAE30}
		{82FE9489-0DA1-455C-BB66-0B4F454B0EAE} = {FBECFA8C-4DCB-4158-B41D-CC1EECC1040A}
		{02762D56-E949-4CCD-B459-2B0836B3D233} = {82FE9489-0DA1-455C-BB66-0B4F454B0EAE}
		{9ED3C3AC-7FD5-4BAE-B01B-9FDB9004A0DA} = {A9AFD006-D654-4FC1-A55B-D7C9FE2EAE30}
	EndGlobalSection
EndGlobal
